
Microsoft Visual Studio Solution File, Format Version 12.00
# Visual Studio Version 16
VisualStudioVersion = 16.0.31410.357
MinimumVisualStudioVersion = 10.0.40219.1
Project("{2150E333-8FDC-42A3-9474-1A3956D46DE8}") = "EmailingList.Application", "EmailingList.Application", "{ABAAD364-10F9-494B-8B05-75E28C2F533F}"
EndProject
Project("{2150E333-8FDC-42A3-9474-1A3956D46DE8}") = "EmailingList.Domain", "EmailingList.Domain", "{F0217727-EA12-468D-90D4-DB67C37E0FCA}"
EndProject
Project("{2150E333-8FDC-42A3-9474-1A3956D46DE8}") = "EmailingList.Data", "EmailingList.Data", "{F092FBF5-C89E-479E-9AAE-A2574714EAE5}"
EndProject
Project("{2150E333-8FDC-42A3-9474-1A3956D46DE8}") = "EmailingList.IoC", "EmailingList.IoC", "{988D5444-545F-4B7E-9F55-693FF62D2539}"
EndProject
Project("{2150E333-8FDC-42A3-9474-1A3956D46DE8}") = "EmailingList.UI.MVC", "EmailingList.UI.MVC", "{B3E5DDA0-F0E4-446A-AAAF-EC66525C1757}"
EndProject
Project("{FAE04EC0-301F-11D3-BF4B-00C04F79EFBC}") = "EmailingList.MVC", "EmailingList.MVC\EmailingList.MVC.csproj", "{444A5DE4-E9A1-409E-94F4-52257FD08A78}"
EndProject
Project("{FAE04EC0-301F-11D3-BF4B-00C04F79EFBC}") = "Emailing.Data", "Emailing.Data\Emailing.Data.csproj", "{2F66A3EC-AAED-46A6-93D3-7BF1A63C7B0F}"
EndProject
Project("{FAE04EC0-301F-11D3-BF4B-00C04F79EFBC}") = "EmailingList.Domain", "EmailingList.Domain\EmailingList.Domain.csproj", "{3DFA8E30-D683-4AF8-B15F-3A8EBDAC6074}"
EndProject
Project("{FAE04EC0-301F-11D3-BF4B-00C04F79EFBC}") = "EmailingList.Application", "EmailingList.Application\EmailingList.Application.csproj", "{FF62C7CB-778E-4236-B51E-13474EC34AF6}"
EndProject
Project("{FAE04EC0-301F-11D3-BF4B-00C04F79EFBC}") = "EmailingList.IoC", "EmailingList.IoC\EmailingList.IoC.csproj", "{4AE15F5F-27E1-4EA7-9125-6DEB06717181}"
EndProject
Project("{FAE04EC0-301F-11D3-BF4B-00C04F79EFBC}") = "EmailingList.Domain.Core", "EmailingList.Domain.Core\EmailingList.Domain.Core.csproj", "{ABE23CE4-03C1-44F4-BAEA-662380AB51C8}"
EndProject
Project("{2150E333-8FDC-42A3-9474-1A3956D46DE8}") = "Emailing.Infra.Bus", "Emailing.Infra.Bus", "{0D00A345-00EF-41D5-A002-FA6E32A9D3E3}"
EndProject
Project("{FAE04EC0-301F-11D3-BF4B-00C04F79EFBC}") = "Emailing.Infra.Bus", "Emailing.Infra.Bus\Emailing.Infra.Bus.csproj", "{2FF5BED9-BC72-4062-9BEE-FF05B6F2DC37}"
EndProject
Project("{2150E333-8FDC-42A3-9474-1A3956D46DE8}") = "EmailingList.API", "EmailingList.API", "{EA068BE6-C3B1-4FF2-90C1-8A144151E4D5}"
EndProject
Project("{FAE04EC0-301F-11D3-BF4B-00C04F79EFBC}") = "EmailingList.API", "EmailingList.API\EmailingList.API.csproj", "{39D02E94-AE98-45EB-8902-2F96E152E5D3}"
EndProject
Global
	GlobalSection(SolutionConfigurationPlatforms) = preSolution
		Debug|Any CPU = Debug|Any CPU
		Release|Any CPU = Release|Any CPU
	EndGlobalSection
	GlobalSection(ProjectConfigurationPlatforms) = postSolution
		{444A5DE4-E9A1-409E-94F4-52257FD08A78}.Debug|Any CPU.ActiveCfg = Debug|Any CPU
		{444A5DE4-E9A1-409E-94F4-52257FD08A78}.Debug|Any CPU.Build.0 = Debug|Any CPU
		{444A5DE4-E9A1-409E-94F4-52257FD08A78}.Release|Any CPU.ActiveCfg = Release|Any CPU
		{444A5DE4-E9A1-409E-94F4-52257FD08A78}.Release|Any CPU.Build.0 = Release|Any CPU
		{2F66A3EC-AAED-46A6-93D3-7BF1A63C7B0F}.Debug|Any CPU.ActiveCfg = Debug|Any CPU
		{2F66A3EC-AAED-46A6-93D3-7BF1A63C7B0F}.Debug|Any CPU.Build.0 = Debug|Any CPU
		{2F66A3EC-AAED-46A6-93D3-7BF1A63C7B0F}.Release|Any CPU.ActiveCfg = Release|Any CPU
		{2F66A3EC-AAED-46A6-93D3-7BF1A63C7B0F}.Release|Any CPU.Build.0 = Release|Any CPU
		{3DFA8E30-D683-4AF8-B15F-3A8EBDAC6074}.Debug|Any CPU.ActiveCfg = Debug|Any CPU
		{3DFA8E30-D683-4AF8-B15F-3A8EBDAC6074}.Debug|Any CPU.Build.0 = Debug|Any CPU
		{3DFA8E30-D683-4AF8-B15F-3A8EBDAC6074}.Release|Any CPU.ActiveCfg = Release|Any CPU
		{3DFA8E30-D683-4AF8-B15F-3A8EBDAC6074}.Release|Any CPU.Build.0 = Release|Any CPU
		{FF62C7CB-778E-4236-B51E-13474EC34AF6}.Debug|Any CPU.ActiveCfg = Debug|Any CPU
		{FF62C7CB-778E-4236-B51E-13474EC34AF6}.Debug|Any CPU.Build.0 = Debug|Any CPU
		{FF62C7CB-778E-4236-B51E-13474EC34AF6}.Release|Any CPU.ActiveCfg = Release|Any CPU
		{FF62C7CB-778E-4236-B51E-13474EC34AF6}.Release|Any CPU.Build.0 = Release|Any CPU
		{4AE15F5F-27E1-4EA7-9125-6DEB06717181}.Debug|Any CPU.ActiveCfg = Debug|Any CPU
		{4AE15F5F-27E1-4EA7-9125-6DEB06717181}.Debug|Any CPU.Build.0 = Debug|Any CPU
		{4AE15F5F-27E1-4EA7-9125-6DEB06717181}.Release|Any CPU.ActiveCfg = Release|Any CPU
		{4AE15F5F-27E1-4EA7-9125-6DEB06717181}.Release|Any CPU.Build.0 = Release|Any CPU
		{ABE23CE4-03C1-44F4-BAEA-662380AB51C8}.Debug|Any CPU.ActiveCfg = Debug|Any CPU
		{ABE23CE4-03C1-44F4-BAEA-662380AB51C8}.Debug|Any CPU.Build.0 = Debug|Any CPU
		{ABE23CE4-03C1-44F4-BAEA-662380AB51C8}.Release|Any CPU.ActiveCfg = Release|Any CPU
		{ABE23CE4-03C1-44F4-BAEA-662380AB51C8}.Release|Any CPU.Build.0 = Release|Any CPU
		{2FF5BED9-BC72-4062-9BEE-FF05B6F2DC37}.Debug|Any CPU.ActiveCfg = Debug|Any CPU
		{2FF5BED9-BC72-4062-9BEE-FF05B6F2DC37}.Debug|Any CPU.Build.0 = Debug|Any CPU
		{2FF5BED9-BC72-4062-9BEE-FF05B6F2DC37}.Release|Any CPU.ActiveCfg = Release|Any CPU
		{2FF5BED9-BC72-4062-9BEE-FF05B6F2DC37}.Release|Any CPU.Build.0 = Release|Any CPU
		{39D02E94-AE98-45EB-8902-2F96E152E5D3}.Debug|Any CPU.ActiveCfg = Debug|Any CPU
		{39D02E94-AE98-45EB-8902-2F96E152E5D3}.Debug|Any CPU.Build.0 = Debug|Any CPU
		{39D02E94-AE98-45EB-8902-2F96E152E5D3}.Release|Any CPU.ActiveCfg = Release|Any CPU
		{39D02E94-AE98-45EB-8902-2F96E152E5D3}.Release|Any CPU.Build.0 = Release|Any CPU
	EndGlobalSection
	GlobalSection(SolutionProperties) = preSolution
		HideSolutionNode = FALSE
	EndGlobalSection
	GlobalSection(NestedProjects) = preSolution
		{444A5DE4-E9A1-409E-94F4-52257FD08A78} = {B3E5DDA0-F0E4-446A-AAAF-EC66525C1757}
		{2F66A3EC-AAED-46A6-93D3-7BF1A63C7B0F} = {F092FBF5-C89E-479E-9AAE-A2574714EAE5}
		{3DFA8E30-D683-4AF8-B15F-3A8EBDAC6074} = {F0217727-EA12-468D-90D4-DB67C37E0FCA}
		{FF62C7CB-778E-4236-B51E-13474EC34AF6} = {ABAAD364-10F9-494B-8B05-75E28C2F533F}
		{4AE15F5F-27E1-4EA7-9125-6DEB06717181} = {988D5444-545F-4B7E-9F55-693FF62D2539}
		{ABE23CE4-03C1-44F4-BAEA-662380AB51C8} = {F0217727-EA12-468D-90D4-DB67C37E0FCA}
		{2FF5BED9-BC72-4062-9BEE-FF05B6F2DC37} = {0D00A345-00EF-41D5-A002-FA6E32A9D3E3}
		{39D02E94-AE98-45EB-8902-2F96E152E5D3} = {EA068BE6-C3B1-4FF2-90C1-8A144151E4D5}
	EndGlobalSection
	GlobalSection(ExtensibilityGlobals) = postSolution
		SolutionGuid = {60A8993E-F4F3-457C-B10C-53D689465FBE}
	EndGlobalSection
EndGlobal
